
Microsoft Visual Studio Solution File, Format Version 12.00
# Blend for Visual Studio Version 16
VisualStudioVersion = 16.0.29613.14
MinimumVisualStudioVersion = 10.0.40219.1
Project("{9A19103F-16F7-4668-BE54-9A1E7A4F7556}") = "ExcelExporterImporter", "ExcelExporterImporter\ExcelExporterImporter.csproj", "{B9E745D9-D2C1-401B-84B0-F51359A0914F}"
EndProject
Global
	GlobalSection(SolutionConfigurationPlatforms) = preSolution
		Debug|Any CPU = Debug|Any CPU
		Release|Any CPU = Release|Any CPU
	EndGlobalSection
	GlobalSection(ProjectConfigurationPlatforms) = postSolution
		{B9E745D9-D2C1-401B-84B0-F51359A0914F}.Debug|Any CPU.ActiveCfg = Debug|Any CPU
		{B9E745D9-D2C1-401B-84B0-F51359A0914F}.Debug|Any CPU.Build.0 = Debug|Any CPU
		{B9E745D9-D2C1-401B-84B0-F51359A0914F}.Release|Any CPU.ActiveCfg = Release|Any CPU
		{B9E745D9-D2C1-401B-84B0-F51359A0914F}.Release|Any CPU.Build.0 = Release|Any CPU
	EndGlobalSection
	GlobalSection(SolutionProperties) = preSolution
		HideSolutionNode = FALSE
	EndGlobalSection
	GlobalSection(ExtensibilityGlobals) = postSolution
		SolutionGuid = {3BD157B1-5FCA-4CC4-BD44-FF605407B36E}
	EndGlobalSection
EndGlobal
